
Microsoft Visual Studio Solution File, Format Version 12.00
# Visual Studio Version 16
VisualStudioVersion = 16.0.29424.173
MinimumVisualStudioVersion = 10.0.40219.1
Project("{9A19103F-16F7-4668-BE54-9A1E7A4F7556}") = "mate", "mate\mate.csproj", "{C40D52EB-E289-4682-987E-442692826558}"
EndProject
Project("{9A19103F-16F7-4668-BE54-9A1E7A4F7556}") = "mate_test", "mate_test\mate_test.csproj", "{E2237F47-A8CE-4594-99CA-219BC9D09E5C}"
EndProject
Global
	GlobalSection(SolutionConfigurationPlatforms) = preSolution
		Debug|Any CPU = Debug|Any CPU
		Release|Any CPU = Release|Any CPU
	EndGlobalSection
	GlobalSection(ProjectConfigurationPlatforms) = postSolution
		{C40D52EB-E289-4682-987E-442692826558}.Debug|Any CPU.ActiveCfg = Debug|Any CPU
		{C40D52EB-E289-4682-987E-442692826558}.Debug|Any CPU.Build.0 = Debug|Any CPU
		{C40D52EB-E289-4682-987E-442692826558}.Release|Any CPU.ActiveCfg = Release|Any CPU
		{C40D52EB-E289-4682-987E-442692826558}.Release|Any CPU.Build.0 = Release|Any CPU
		{E2237F47-A8CE-4594-99CA-219BC9D09E5C}.Debug|Any CPU.ActiveCfg = Debug|Any CPU
		{E2237F47-A8CE-4594-99CA-219BC9D09E5C}.Debug|Any CPU.Build.0 = Debug|Any CPU
		{E2237F47-A8CE-4594-99CA-219BC9D09E5C}.Release|Any CPU.ActiveCfg = Release|Any CPU
		{E2237F47-A8CE-4594-99CA-219BC9D09E5C}.Release|Any CPU.Build.0 = Release|Any CPU
	EndGlobalSection
	GlobalSection(SolutionProperties) = preSolution
		HideSolutionNode = FALSE
	EndGlobalSection
	GlobalSection(ExtensibilityGlobals) = postSolution
		SolutionGuid = {9961570B-C884-4F1F-BC21-E03435EDED3E}
	EndGlobalSection
EndGlobal
